
Microsoft Visual Studio Solution File, Format Version 12.00
# Visual Studio Version 16
VisualStudioVersion = 16.0.31105.61
MinimumVisualStudioVersion = 10.0.40219.1
Project("{8BC9CEB8-8B4A-11D0-8D11-00A0C91BC942}") = "CursorTest", "CursorTest.vcxproj", "{5E503D86-F116-4F59-9885-0B8DD030B4E0}"
EndProject
Global
	GlobalSection(SolutionConfigurationPlatforms) = preSolution
		Debug|x64 = Debug|x64
		Debug|x86 = Debug|x86
		Release|x64 = Release|x64
		Release|x86 = Release|x86
	EndGlobalSection
	GlobalSection(ProjectConfigurationPlatforms) = postSolution
		{5E503D86-F116-4F59-9885-0B8DD030B4E0}.Debug|x64.ActiveCfg = Debug|x64
		{5E503D86-F116-4F59-9885-0B8DD030B4E0}.Debug|x64.Build.0 = Debug|x64
		{5E503D86-F116-4F59-9885-0B8DD030B4E0}.Debug|x86.ActiveCfg = Debug|Win32
		{5E503D86-F116-4F59-9885-0B8DD030B4E0}.Debug|x86.Build.0 = Debug|Win32
		{5E503D86-F116-4F59-9885-0B8DD030B4E0}.Release|x64.ActiveCfg = Release|x64
		{5E503D86-F116-4F59-9885-0B8DD030B4E0}.Release|x64.Build.0 = Release|x64
		{5E503D86-F116-4F59-9885-0B8DD030B4E0}.Release|x86.ActiveCfg = Release|Win32
		{5E503D86-F116-4F59-9885-0B8DD030B4E0}.Release|x86.Build.0 = Release|Win32
	EndGlobalSection
	GlobalSection(SolutionProperties) = preSolution
		HideSolutionNode = FALSE
	EndGlobalSection
	GlobalSection(ExtensibilityGlobals) = postSolution
		SolutionGuid = {90B1A3A5-D72C-4CD5-ADDA-A87C4DD26DEF}
	EndGlobalSection
EndGlobal
